Microsoft Visual Studio Solution File, Format Version 12.00
# Visual Studio Version 17
VisualStudioVersion = 17.5.2.0
MinimumVisualStudioVersion = 10.0.40219.1
Project("{FAE04EC0-301F-11D3-BF4B-00C04F79EFBC}") = "MandoTestAPI", "MandoTestAPI.csproj", "{331ACA68-E4E6-DF5B-F77F-F83A356931E7}"
EndProject
Global
	GlobalSection(SolutionConfigurationPlatforms) = preSolution
		Debug|Any CPU = Debug|Any CPU
		Release|Any CPU = Release|Any CPU
	EndGlobalSection
	GlobalSection(ProjectConfigurationPlatforms) = postSolution
		{331ACA68-E4E6-DF5B-F77F-F83A356931E7}.Debug|Any CPU.ActiveCfg = Debug|Any CPU
		{331ACA68-E4E6-DF5B-F77F-F83A356931E7}.Debug|Any CPU.Build.0 = Debug|Any CPU
		{331ACA68-E4E6-DF5B-F77F-F83A356931E7}.Release|Any CPU.ActiveCfg = Release|Any CPU
		{331ACA68-E4E6-DF5B-F77F-F83A356931E7}.Release|Any CPU.Build.0 = Release|Any CPU
	EndGlobalSection
	GlobalSection(SolutionProperties) = preSolution
		HideSolutionNode = FALSE
	EndGlobalSection
	GlobalSection(ExtensibilityGlobals) = postSolution
		SolutionGuid = {B0611B85-E414-4E67-A0D2-21727DFB565A}
	EndGlobalSection
EndGlobal
